
Microsoft Visual Studio Solution File, Format Version 11.00
# Visual C++ Express 2010
Project("{8BC9CEB8-8B4A-11D0-8D11-00A0C91BC942}") = "allocator", "allocator.vcxproj", "{88450834-0CED-4709-84CB-A5DBE01B4A4F}"
EndProject
Global
	GlobalSection(SolutionConfigurationPlatforms) = preSolution
		Debug|Win32 = Debug|Win32
		Release|Win32 = Release|Win32
	EndGlobalSection
	GlobalSection(ProjectConfigurationPlatforms) = postSolution
		{88450834-0CED-4709-84CB-A5DBE01B4A4F}.Debug|Win32.ActiveCfg = Debug|Win32
		{88450834-0CED-4709-84CB-A5DBE01B4A4F}.Debug|Win32.Build.0 = Debug|Win32
		{88450834-0CED-4709-84CB-A5DBE01B4A4F}.Release|Win32.ActiveCfg = Release|Win32
		{88450834-0CED-4709-84CB-A5DBE01B4A4F}.Release|Win32.Build.0 = Release|Win32
	EndGlobalSection
	GlobalSection(SolutionProperties) = preSolution
		HideSolutionNode = FALSE
	EndGlobalSection
EndGlobal
